
Microsoft Visual Studio Solution File, Format Version 12.00
# Visual Studio 15
VisualStudioVersion = 15.0.27130.0
MinimumVisualStudioVersion = 10.0.40219.1
Project("{8BC9CEB8-8B4A-11D0-8D11-00A0C91BC942}") = "FileMgr", "FileMgr\FileMgr.vcxproj", "{DDEE27FF-855E-4D10-AD7B-79CB8966EF13}"
EndProject
Project("{8BC9CEB8-8B4A-11D0-8D11-00A0C91BC942}") = "CodeRepo", "CodeRepo\CodeRepo.vcxproj", "{D21045A0-432C-4E48-AE5A-93D686947516}"
EndProject
Project("{8BC9CEB8-8B4A-11D0-8D11-00A0C91BC942}") = "Executive", "NoSQLDB\Executive\Executive.vcxproj", "{7CC2C0A5-F346-4AE8-87AA-D7F3D1753CD6}"
EndProject
Project("{8BC9CEB8-8B4A-11D0-8D11-00A0C91BC942}") = "PayLoad", "NoSQLDB\PayLoad\PayLoad.vcxproj", "{CDEF5B56-A678-444B-A782-F85F542C33BC}"
EndProject
Project("{8BC9CEB8-8B4A-11D0-8D11-00A0C91BC942}") = "XmlDocument", "NoSQLDB\XmlDocument\XmlDocument\XmlDocument.vcxproj", "{0A82ECDC-7520-453A-8F2C-D813FEEE7537}"
EndProject
Project("{8BC9CEB8-8B4A-11D0-8D11-00A0C91BC942}") = "Test", "Test\Test.vcxproj", "{0AE7B29D-8158-4450-99B5-5CE9C8CE2892}"
EndProject
Project("{8BC9CEB8-8B4A-11D0-8D11-00A0C91BC942}") = "CheckIn", "CheckIn\CheckIn.vcxproj", "{78812907-E2FC-4FA4-9D9C-4551D0348379}"
EndProject
Project("{8BC9CEB8-8B4A-11D0-8D11-00A0C91BC942}") = "Version", "Version\Version.vcxproj", "{23EB3529-FF64-4F90-8819-CA1ED6DC4692}"
EndProject
Project("{8BC9CEB8-8B4A-11D0-8D11-00A0C91BC942}") = "CheckOut", "CheckOut\CheckOut.vcxproj", "{0C513D44-F519-442B-A995-030E63572487}"
EndProject
Project("{8BC9CEB8-8B4A-11D0-8D11-00A0C91BC942}") = "Process", "Process\Process.vcxproj", "{5E2548A1-C280-49E1-A2B6-55F4BA12B3F2}"
EndProject
Project("{8BC9CEB8-8B4A-11D0-8D11-00A0C91BC942}") = "XmlMapPersistent", "XmlMapPersistent\XmlMapPersistent.vcxproj", "{01D6EC41-1F10-4D38-AF53-8A68166CE2C7}"
EndProject
Project("{8BC9CEB8-8B4A-11D0-8D11-00A0C91BC942}") = "Browse", "Browse\Browse.vcxproj", "{3583AEED-CC7E-44E1-8A05-E64565CD773D}"
EndProject
Project("{8BC9CEB8-8B4A-11D0-8D11-00A0C91BC942}") = "Utility", "Utility\Utility.vcxproj", "{2EEDDDA7-C606-4B96-9834-96A13DFCFFD4}"
EndProject
Project("{8BC9CEB8-8B4A-11D0-8D11-00A0C91BC942}") = "MyExecute", "MyExecute\MyExecute.vcxproj", "{6E3218BA-0FAA-4BF7-9264-C1A5C0188174}"
EndProject
Global
	GlobalSection(SolutionConfigurationPlatforms) = preSolution
		Debug|x64 = Debug|x64
		Debug|x86 = Debug|x86
		Release|x64 = Release|x64
		Release|x86 = Release|x86
	EndGlobalSection
	GlobalSection(ProjectConfigurationPlatforms) = postSolution
		{DDEE27FF-855E-4D10-AD7B-79CB8966EF13}.Debug|x64.ActiveCfg = Debug|Win32
		{DDEE27FF-855E-4D10-AD7B-79CB8966EF13}.Debug|x86.ActiveCfg = Debug|Win32
		{DDEE27FF-855E-4D10-AD7B-79CB8966EF13}.Debug|x86.Build.0 = Debug|Win32
		{DDEE27FF-855E-4D10-AD7B-79CB8966EF13}.Release|x64.ActiveCfg = Release|Win32
		{DDEE27FF-855E-4D10-AD7B-79CB8966EF13}.Release|x86.ActiveCfg = Release|Win32
		{DDEE27FF-855E-4D10-AD7B-79CB8966EF13}.Release|x86.Build.0 = Release|Win32
		{D21045A0-432C-4E48-AE5A-93D686947516}.Debug|x64.ActiveCfg = Debug|x64
		{D21045A0-432C-4E48-AE5A-93D686947516}.Debug|x64.Build.0 = Debug|x64
		{D21045A0-432C-4E48-AE5A-93D686947516}.Debug|x86.ActiveCfg = Debug|Win32
		{D21045A0-432C-4E48-AE5A-93D686947516}.Debug|x86.Build.0 = Debug|Win32
		{D21045A0-432C-4E48-AE5A-93D686947516}.Release|x64.ActiveCfg = Release|x64
		{D21045A0-432C-4E48-AE5A-93D686947516}.Release|x64.Build.0 = Release|x64
		{D21045A0-432C-4E48-AE5A-93D686947516}.Release|x86.ActiveCfg = Release|Win32
		{D21045A0-432C-4E48-AE5A-93D686947516}.Release|x86.Build.0 = Release|Win32
		{7CC2C0A5-F346-4AE8-87AA-D7F3D1753CD6}.Debug|x64.ActiveCfg = Debug|x64
		{7CC2C0A5-F346-4AE8-87AA-D7F3D1753CD6}.Debug|x64.Build.0 = Debug|x64
		{7CC2C0A5-F346-4AE8-87AA-D7F3D1753CD6}.Debug|x86.ActiveCfg = Debug|Win32
		{7CC2C0A5-F346-4AE8-87AA-D7F3D1753CD6}.Debug|x86.Build.0 = Debug|Win32
		{7CC2C0A5-F346-4AE8-87AA-D7F3D1753CD6}.Release|x64.ActiveCfg = Release|x64
		{7CC2C0A5-F346-4AE8-87AA-D7F3D1753CD6}.Release|x64.Build.0 = Release|x64
		{7CC2C0A5-F346-4AE8-87AA-D7F3D1753CD6}.Release|x86.ActiveCfg = Release|Win32
		{7CC2C0A5-F346-4AE8-87AA-D7F3D1753CD6}.Release|x86.Build.0 = Release|Win32
		{CDEF5B56-A678-444B-A782-F85F542C33BC}.Debug|x64.ActiveCfg = Debug|x64
		{CDEF5B56-A678-444B-A782-F85F542C33BC}.Debug|x64.Build.0 = Debug|x64
		{CDEF5B56-A678-444B-A782-F85F542C33BC}.Debug|x86.ActiveCfg = Debug|Win32
		{CDEF5B56-A678-444B-A782-F85F542C33BC}.Debug|x86.Build.0 = Debug|Win32
		{CDEF5B56-A678-444B-A782-F85F542C33BC}.Release|x64.ActiveCfg = Release|x64
		{CDEF5B56-A678-444B-A782-F85F542C33BC}.Release|x64.Build.0 = Release|x64
		{CDEF5B56-A678-444B-A782-F85F542C33BC}.Release|x86.ActiveCfg = Release|Win32
		{CDEF5B56-A678-444B-A782-F85F542C33BC}.Release|x86.Build.0 = Release|Win32
		{0A82ECDC-7520-453A-8F2C-D813FEEE7537}.Debug|x64.ActiveCfg = Debug|Win32
		{0A82ECDC-7520-453A-8F2C-D813FEEE7537}.Debug|x86.ActiveCfg = Debug|Win32
		{0A82ECDC-7520-453A-8F2C-D813FEEE7537}.Debug|x86.Build.0 = Debug|Win32
		{0A82ECDC-7520-453A-8F2C-D813FEEE7537}.Release|x64.ActiveCfg = Release|Win32
		{0A82ECDC-7520-453A-8F2C-D813FEEE7537}.Release|x86.ActiveCfg = Release|Win32
		{0A82ECDC-7520-453A-8F2C-D813FEEE7537}.Release|x86.Build.0 = Release|Win32
		{0AE7B29D-8158-4450-99B5-5CE9C8CE2892}.Debug|x64.ActiveCfg = Debug|x64
		{0AE7B29D-8158-4450-99B5-5CE9C8CE2892}.Debug|x64.Build.0 = Debug|x64
		{0AE7B29D-8158-4450-99B5-5CE9C8CE2892}.Debug|x86.ActiveCfg = Debug|Win32
		{0AE7B29D-8158-4450-99B5-5CE9C8CE2892}.Debug|x86.Build.0 = Debug|Win32
		{0AE7B29D-8158-4450-99B5-5CE9C8CE2892}.Release|x64.ActiveCfg = Release|x64
		{0AE7B29D-8158-4450-99B5-5CE9C8CE2892}.Release|x64.Build.0 = Release|x64
		{0AE7B29D-8158-4450-99B5-5CE9C8CE2892}.Release|x86.ActiveCfg = Release|Win32
		{0AE7B29D-8158-4450-99B5-5CE9C8CE2892}.Release|x86.Build.0 = Release|Win32
		{78812907-E2FC-4FA4-9D9C-4551D0348379}.Debug|x64.ActiveCfg = Debug|x64
		{78812907-E2FC-4FA4-9D9C-4551D0348379}.Debug|x64.Build.0 = Debug|x64
		{78812907-E2FC-4FA4-9D9C-4551D0348379}.Debug|x86.ActiveCfg = Debug|Win32
		{78812907-E2FC-4FA4-9D9C-4551D0348379}.Debug|x86.Build.0 = Debug|Win32
		{78812907-E2FC-4FA4-9D9C-4551D0348379}.Release|x64.ActiveCfg = Release|x64
		{78812907-E2FC-4FA4-9D9C-4551D0348379}.Release|x64.Build.0 = Release|x64
		{78812907-E2FC-4FA4-9D9C-4551D0348379}.Release|x86.ActiveCfg = Release|Win32
		{78812907-E2FC-4FA4-9D9C-4551D0348379}.Release|x86.Build.0 = Release|Win32
		{23EB3529-FF64-4F90-8819-CA1ED6DC4692}.Debug|x64.ActiveCfg = Debug|x64
		{23EB3529-FF64-4F90-8819-CA1ED6DC4692}.Debug|x64.Build.0 = Debug|x64
		{23EB3529-FF64-4F90-8819-CA1ED6DC4692}.Debug|x86.ActiveCfg = Debug|Win32
		{23EB3529-FF64-4F90-8819-CA1ED6DC4692}.Debug|x86.Build.0 = Debug|Win32
		{23EB3529-FF64-4F90-8819-CA1ED6DC4692}.Release|x64.ActiveCfg = Release|x64
		{23EB3529-FF64-4F90-8819-CA1ED6DC4692}.Release|x64.Build.0 = Release|x64
		{23EB3529-FF64-4F90-8819-CA1ED6DC4692}.Release|x86.ActiveCfg = Release|Win32
		{23EB3529-FF64-4F90-8819-CA1ED6DC4692}.Release|x86.Build.0 = Release|Win32
		{0C513D44-F519-442B-A995-030E63572487}.Debug|x64.ActiveCfg = Debug|x64
		{0C513D44-F519-442B-A995-030E63572487}.Debug|x64.Build.0 = Debug|x64
		{0C513D44-F519-442B-A995-030E63572487}.Debug|x86.ActiveCfg = Debug|Win32
		{0C513D44-F519-442B-A995-030E63572487}.Debug|x86.Build.0 = Debug|Win32
		{0C513D44-F519-442B-A995-030E63572487}.Release|x64.ActiveCfg = Release|x64
		{0C513D44-F519-442B-A995-030E63572487}.Release|x64.Build.0 = Release|x64
		{0C513D44-F519-442B-A995-030E63572487}.Release|x86.ActiveCfg = Release|Win32
		{0C513D44-F519-442B-A995-030E63572487}.Release|x86.Build.0 = Release|Win32
		{5E2548A1-C280-49E1-A2B6-55F4BA12B3F2}.Debug|x64.ActiveCfg = Debug|x64
		{5E2548A1-C280-49E1-A2B6-55F4BA12B3F2}.Debug|x64.Build.0 = Debug|x64
		{5E2548A1-C280-49E1-A2B6-55F4BA12B3F2}.Debug|x86.ActiveCfg = Debug|Win32
		{5E2548A1-C280-49E1-A2B6-55F4BA12B3F2}.Debug|x86.Build.0 = Debug|Win32
		{5E2548A1-C280-49E1-A2B6-55F4BA12B3F2}.Release|x64.ActiveCfg = Release|x64
		{5E2548A1-C280-49E1-A2B6-55F4BA12B3F2}.Release|x64.Build.0 = Release|x64
		{5E2548A1-C280-49E1-A2B6-55F4BA12B3F2}.Release|x86.ActiveCfg = Release|Win32
		{5E2548A1-C280-49E1-A2B6-55F4BA12B3F2}.Release|x86.Build.0 = Release|Win32
		{01D6EC41-1F10-4D38-AF53-8A68166CE2C7}.Debug|x64.ActiveCfg = Debug|x64
		{01D6EC41-1F10-4D38-AF53-8A68166CE2C7}.Debug|x64.Build.0 = Debug|x64
		{01D6EC41-1F10-4D38-AF53-8A68166CE2C7}.Debug|x86.ActiveCfg = Debug|Win32
		{01D6EC41-1F10-4D38-AF53-8A68166CE2C7}.Debug|x86.Build.0 = Debug|Win32
		{01D6EC41-1F10-4D38-AF53-8A68166CE2C7}.Release|x64.ActiveCfg = Release|x64
		{01D6EC41-1F10-4D38-AF53-8A68166CE2C7}.Release|x64.Build.0 = Release|x64
		{01D6EC41-1F10-4D38-AF53-8A68166CE2C7}.Release|x86.ActiveCfg = Release|Win32
		{01D6EC41-1F10-4D38-AF53-8A68166CE2C7}.Release|x86.Build.0 = Release|Win32
		{3583AEED-CC7E-44E1-8A05-E64565CD773D}.Debug|x64.ActiveCfg = Debug|x64
		{3583AEED-CC7E-44E1-8A05-E64565CD773D}.Debug|x64.Build.0 = Debug|x64
		{3583AEED-CC7E-44E1-8A05-E64565CD773D}.Debug|x86.ActiveCfg = Debug|Win32
		{3583AEED-CC7E-44E1-8A05-E64565CD773D}.Debug|x86.Build.0 = Debug|Win32
		{3583AEED-CC7E-44E1-8A05-E64565CD773D}.Release|x64.ActiveCfg = Release|x64
		{3583AEED-CC7E-44E1-8A05-E64565CD773D}.Release|x64.Build.0 = Release|x64
		{3583AEED-CC7E-44E1-8A05-E64565CD773D}.Release|x86.ActiveCfg = Release|Win32
		{3583AEED-CC7E-44E1-8A05-E64565CD773D}.Release|x86.Build.0 = Release|Win32
		{2EEDDDA7-C606-4B96-9834-96A13DFCFFD4}.Debug|x64.ActiveCfg = Debug|x64
		{2EEDDDA7-C606-4B96-9834-96A13DFCFFD4}.Debug|x64.Build.0 = Debug|x64
		{2EEDDDA7-C606-4B96-9834-96A13DFCFFD4}.Debug|x86.ActiveCfg = Debug|Win32
		{2EEDDDA7-C606-4B96-9834-96A13DFCFFD4}.Debug|x86.Build.0 = Debug|Win32
		{2EEDDDA7-C606-4B96-9834-96A13DFCFFD4}.Release|x64.ActiveCfg = Release|x64
		{2EEDDDA7-C606-4B96-9834-96A13DFCFFD4}.Release|x64.Build.0 = Release|x64
		{2EEDDDA7-C606-4B96-9834-96A13DFCFFD4}.Release|x86.ActiveCfg = Release|Win32
		{2EEDDDA7-C606-4B96-9834-96A13DFCFFD4}.Release|x86.Build.0 = Release|Win32
		{6E3218BA-0FAA-4BF7-9264-C1A5C0188174}.Debug|x64.ActiveCfg = Debug|x64
		{6E3218BA-0FAA-4BF7-9264-C1A5C0188174}.Debug|x64.Build.0 = Debug|x64
		{6E3218BA-0FAA-4BF7-9264-C1A5C0188174}.Debug|x86.ActiveCfg = Debug|Win32
		{6E3218BA-0FAA-4BF7-9264-C1A5C0188174}.Debug|x86.Build.0 = Debug|Win32
		{6E3218BA-0FAA-4BF7-9264-C1A5C0188174}.Release|x64.ActiveCfg = Release|x64
		{6E3218BA-0FAA-4BF7-9264-C1A5C0188174}.Release|x64.Build.0 = Release|x64
		{6E3218BA-0FAA-4BF7-9264-C1A5C0188174}.Release|x86.ActiveCfg = Release|Win32
		{6E3218BA-0FAA-4BF7-9264-C1A5C0188174}.Release|x86.Build.0 = Release|Win32
	EndGlobalSection
	GlobalSection(SolutionProperties) = preSolution
		HideSolutionNode = FALSE
	EndGlobalSection
	GlobalSection(ExtensibilityGlobals) = postSolution
		SolutionGuid = {9B236969-535B-40B2-A318-D42AD34C9D37}
	EndGlobalSection
EndGlobal
